
Microsoft Visual Studio Solution File, Format Version 12.00
# Visual Studio Version 16
VisualStudioVersion = 16.0.28803.156
MinimumVisualStudioVersion = 10.0.40219.1
Project("{8BC9CEB8-8B4A-11D0-8D11-00A0C91BC942}") = "Parallel_Accumulate", "Parallel_Accumulate\Parallel_Accumulate.vcxproj", "{E359732C-FD65-42CA-8E6B-A2ACA8509A0F}"
EndProject
Project("{8BC9CEB8-8B4A-11D0-8D11-00A0C91BC942}") = "Spin_Lock_Scoped_Lock", "Spin_Lock_Scoped_Lock\Spin_Lock_Scoped_Lock.vcxproj", "{659C0010-FC0C-4D5C-8420-64AD264399BA}"
EndProject
Project("{8BC9CEB8-8B4A-11D0-8D11-00A0C91BC942}") = "Thread_Safe_Stack", "Thread_Safe_Stack\Thread_Safe_Stack.vcxproj", "{C215810F-3C43-4B8F-9D84-BEB9ECF87103}"
EndProject
Project("{8BC9CEB8-8B4A-11D0-8D11-00A0C91BC942}") = "Thread_Safe_Stack_Hazard_Pointers", "Thread_Safe_Stack_Hazard_Pointers\Thread_Safe_Stack_Hazard_Pointers.vcxproj", "{FA8EFB60-AEE2-4B2D-AFC2-09BD8A203227}"
EndProject
Global
	GlobalSection(SolutionConfigurationPlatforms) = preSolution
		Debug|x64 = Debug|x64
		Debug|x86 = Debug|x86
		Release|x64 = Release|x64
		Release|x86 = Release|x86
	EndGlobalSection
	GlobalSection(ProjectConfigurationPlatforms) = postSolution
		{E359732C-FD65-42CA-8E6B-A2ACA8509A0F}.Debug|x64.ActiveCfg = Debug|x64
		{E359732C-FD65-42CA-8E6B-A2ACA8509A0F}.Debug|x64.Build.0 = Debug|x64
		{E359732C-FD65-42CA-8E6B-A2ACA8509A0F}.Debug|x86.ActiveCfg = Debug|x64
		{E359732C-FD65-42CA-8E6B-A2ACA8509A0F}.Debug|x86.Build.0 = Debug|x64
		{E359732C-FD65-42CA-8E6B-A2ACA8509A0F}.Release|x64.ActiveCfg = Release|x64
		{E359732C-FD65-42CA-8E6B-A2ACA8509A0F}.Release|x64.Build.0 = Release|x64
		{E359732C-FD65-42CA-8E6B-A2ACA8509A0F}.Release|x86.ActiveCfg = Release|Win32
		{E359732C-FD65-42CA-8E6B-A2ACA8509A0F}.Release|x86.Build.0 = Release|Win32
		{659C0010-FC0C-4D5C-8420-64AD264399BA}.Debug|x64.ActiveCfg = Debug|x64
		{659C0010-FC0C-4D5C-8420-64AD264399BA}.Debug|x64.Build.0 = Debug|x64
		{659C0010-FC0C-4D5C-8420-64AD264399BA}.Debug|x86.ActiveCfg = Debug|x64
		{659C0010-FC0C-4D5C-8420-64AD264399BA}.Debug|x86.Build.0 = Debug|x64
		{659C0010-FC0C-4D5C-8420-64AD264399BA}.Release|x64.ActiveCfg = Release|x64
		{659C0010-FC0C-4D5C-8420-64AD264399BA}.Release|x64.Build.0 = Release|x64
		{659C0010-FC0C-4D5C-8420-64AD264399BA}.Release|x86.ActiveCfg = Release|Win32
		{659C0010-FC0C-4D5C-8420-64AD264399BA}.Release|x86.Build.0 = Release|Win32
		{C215810F-3C43-4B8F-9D84-BEB9ECF87103}.Debug|x64.ActiveCfg = Debug|x64
		{C215810F-3C43-4B8F-9D84-BEB9ECF87103}.Debug|x64.Build.0 = Debug|x64
		{C215810F-3C43-4B8F-9D84-BEB9ECF87103}.Debug|x86.ActiveCfg = Debug|Win32
		{C215810F-3C43-4B8F-9D84-BEB9ECF87103}.Debug|x86.Build.0 = Debug|Win32
		{C215810F-3C43-4B8F-9D84-BEB9ECF87103}.Release|x64.ActiveCfg = Release|x64
		{C215810F-3C43-4B8F-9D84-BEB9ECF87103}.Release|x64.Build.0 = Release|x64
		{C215810F-3C43-4B8F-9D84-BEB9ECF87103}.Release|x86.ActiveCfg = Release|Win32
		{C215810F-3C43-4B8F-9D84-BEB9ECF87103}.Release|x86.Build.0 = Release|Win32
		{FA8EFB60-AEE2-4B2D-AFC2-09BD8A203227}.Debug|x64.ActiveCfg = Debug|x64
		{FA8EFB60-AEE2-4B2D-AFC2-09BD8A203227}.Debug|x64.Build.0 = Debug|x64
		{FA8EFB60-AEE2-4B2D-AFC2-09BD8A203227}.Debug|x86.ActiveCfg = Debug|Win32
		{FA8EFB60-AEE2-4B2D-AFC2-09BD8A203227}.Debug|x86.Build.0 = Debug|Win32
		{FA8EFB60-AEE2-4B2D-AFC2-09BD8A203227}.Release|x64.ActiveCfg = Release|x64
		{FA8EFB60-AEE2-4B2D-AFC2-09BD8A203227}.Release|x64.Build.0 = Release|x64
		{FA8EFB60-AEE2-4B2D-AFC2-09BD8A203227}.Release|x86.ActiveCfg = Release|Win32
		{FA8EFB60-AEE2-4B2D-AFC2-09BD8A203227}.Release|x86.Build.0 = Release|Win32
	EndGlobalSection
	GlobalSection(SolutionProperties) = preSolution
		HideSolutionNode = FALSE
	EndGlobalSection
	GlobalSection(ExtensibilityGlobals) = postSolution
		SolutionGuid = {FB92468B-DA4A-4FD8-97A4-D002EC85B7B5}
	EndGlobalSection
EndGlobal
